
Microsoft Visual Studio Solution File, Format Version 12.00
# Visual Studio Version 16
VisualStudioVersion = 16.0.31702.278
MinimumVisualStudioVersion = 10.0.40219.1
Project("{FAE04EC0-301F-11D3-BF4B-00C04F79EFBC}") = "classeFile", "classeFile\classeFile.csproj", "{F4540FC8-F8BF-4ABB-8E9B-99AA815DA93C}"
EndProject
Global
	GlobalSection(SolutionConfigurationPlatforms) = preSolution
		Debug|Any CPU = Debug|Any CPU
		Release|Any CPU = Release|Any CPU
	EndGlobalSection
	GlobalSection(ProjectConfigurationPlatforms) = postSolution
		{F4540FC8-F8BF-4ABB-8E9B-99AA815DA93C}.Debug|Any CPU.ActiveCfg = Debug|Any CPU
		{F4540FC8-F8BF-4ABB-8E9B-99AA815DA93C}.Debug|Any CPU.Build.0 = Debug|Any CPU
		{F4540FC8-F8BF-4ABB-8E9B-99AA815DA93C}.Release|Any CPU.ActiveCfg = Release|Any CPU
		{F4540FC8-F8BF-4ABB-8E9B-99AA815DA93C}.Release|Any CPU.Build.0 = Release|Any CPU
	EndGlobalSection
	GlobalSection(SolutionProperties) = preSolution
		HideSolutionNode = FALSE
	EndGlobalSection
	GlobalSection(ExtensibilityGlobals) = postSolution
		SolutionGuid = {59CEC3BD-9AB8-4AF7-BB75-A50AC8C508B4}
	EndGlobalSection
EndGlobal
