
Microsoft Visual Studio Solution File, Format Version 12.00
# Visual Studio Version 16
VisualStudioVersion = 16.0.31702.278
MinimumVisualStudioVersion = 10.0.40219.1
Project("{FAE04EC0-301F-11D3-BF4B-00C04F79EFBC}") = "P-OO_Thesaurus-Thomas-Alexandre", "P-OO_Thesaurus-Thomas-Alexandre\P-OO_Thesaurus-Thomas-Alexandre.csproj", "{99F1ACC3-D0D9-44B2-9C4C-E90472A36930}"
EndProject
Global
	GlobalSection(SolutionConfigurationPlatforms) = preSolution
		Debug|Any CPU = Debug|Any CPU
		Release|Any CPU = Release|Any CPU
	EndGlobalSection
	GlobalSection(ProjectConfigurationPlatforms) = postSolution
		{99F1ACC3-D0D9-44B2-9C4C-E90472A36930}.Debug|Any CPU.ActiveCfg = Debug|Any CPU
		{99F1ACC3-D0D9-44B2-9C4C-E90472A36930}.Debug|Any CPU.Build.0 = Debug|Any CPU
		{99F1ACC3-D0D9-44B2-9C4C-E90472A36930}.Release|Any CPU.ActiveCfg = Release|Any CPU
		{99F1ACC3-D0D9-44B2-9C4C-E90472A36930}.Release|Any CPU.Build.0 = Release|Any CPU
	EndGlobalSection
	GlobalSection(SolutionProperties) = preSolution
		HideSolutionNode = FALSE
	EndGlobalSection
	GlobalSection(ExtensibilityGlobals) = postSolution
		SolutionGuid = {A2827C34-0C32-4563-94C7-AFEA737D2940}
	EndGlobalSection
EndGlobal
